
Microsoft Visual Studio Solution File, Format Version 12.00
# Visual Studio Version 17
VisualStudioVersion = 17.4.33213.308
MinimumVisualStudioVersion = 10.0.40219.1
Project("{FAE04EC0-301F-11D3-BF4B-00C04F79EFBC}") = "ADCS.SidExtension.PolicyModule", "src\ADCS.SidExtension.PolicyModule\ADCS.SidExtension.PolicyModule.csproj", "{2E2B00AD-9162-4EC2-A93B-DC3D20B7899C}"
EndProject
Project("{2150E333-8FDC-42A3-9474-1A3956D46DE8}") = "Solution Items", "Solution Items", "{280B7B19-D397-4D45-886B-F463D3FA662A}"
	ProjectSection(SolutionItems) = preProject
		.editorconfig = .editorconfig
	EndProjectSection
EndProject
Global
	GlobalSection(SolutionConfigurationPlatforms) = preSolution
		Debug|Any CPU = Debug|Any CPU
		Release|Any CPU = Release|Any CPU
	EndGlobalSection
	GlobalSection(ProjectConfigurationPlatforms) = postSolution
		{2E2B00AD-9162-4EC2-A93B-DC3D20B7899C}.Debug|Any CPU.ActiveCfg = Debug|Any CPU
		{2E2B00AD-9162-4EC2-A93B-DC3D20B7899C}.Debug|Any CPU.Build.0 = Debug|Any CPU
		{2E2B00AD-9162-4EC2-A93B-DC3D20B7899C}.Release|Any CPU.ActiveCfg = Release|Any CPU
		{2E2B00AD-9162-4EC2-A93B-DC3D20B7899C}.Release|Any CPU.Build.0 = Release|Any CPU
	EndGlobalSection
	GlobalSection(SolutionProperties) = preSolution
		HideSolutionNode = FALSE
	EndGlobalSection
	GlobalSection(ExtensibilityGlobals) = postSolution
		SolutionGuid = {F2908292-C295-4207-BA6B-F55195AE71CD}
	EndGlobalSection
EndGlobal
